
Microsoft Visual Studio Solution File, Format Version 12.00
# Visual Studio Version 16
VisualStudioVersion = 16.0.31321.278
MinimumVisualStudioVersion = 10.0.40219.1
Project("{FAE04EC0-301F-11D3-BF4B-00C04F79EFBC}") = "MvcPracticaAzureDSC", "MvcPracticaAzureDSC\MvcPracticaAzureDSC.csproj", "{7790B21B-B019-42BD-8579-0C6CEB888E4E}"
EndProject
Global
	GlobalSection(SolutionConfigurationPlatforms) = preSolution
		Debug|Any CPU = Debug|Any CPU
		Release|Any CPU = Release|Any CPU
	EndGlobalSection
	GlobalSection(ProjectConfigurationPlatforms) = postSolution
		{7790B21B-B019-42BD-8579-0C6CEB888E4E}.Debug|Any CPU.ActiveCfg = Debug|Any CPU
		{7790B21B-B019-42BD-8579-0C6CEB888E4E}.Debug|Any CPU.Build.0 = Debug|Any CPU
		{7790B21B-B019-42BD-8579-0C6CEB888E4E}.Release|Any CPU.ActiveCfg = Release|Any CPU
		{7790B21B-B019-42BD-8579-0C6CEB888E4E}.Release|Any CPU.Build.0 = Release|Any CPU
	EndGlobalSection
	GlobalSection(SolutionProperties) = preSolution
		HideSolutionNode = FALSE
	EndGlobalSection
	GlobalSection(ExtensibilityGlobals) = postSolution
		SolutionGuid = {F97A80C8-3F96-4B9B-A536-B63FAFD9BE7B}
	EndGlobalSection
EndGlobal
